
Microsoft Visual Studio Solution File, Format Version 12.00
# Visual Studio 15
VisualStudioVersion = 15.0.28307.136
MinimumVisualStudioVersion = 10.0.40219.1
Project("{FAE04EC0-301F-11D3-BF4B-00C04F79EFBC}") = "CrystalReportsMVC_EF", "CrystalReportsMVC_EF\CrystalReportsMVC_EF.csproj", "{EEBDCD62-8B54-4E30-82DB-5DF4583EE5AF}"
EndProject
Project("{FAE04EC0-301F-11D3-BF4B-00C04F79EFBC}") = "CrystalReportsMVC_EF.Tests", "CrystalReportsMVC_EF.Tests\CrystalReportsMVC_EF.Tests.csproj", "{2C842468-CFDB-4095-8411-ACBC06228640}"
EndProject
Global
	GlobalSection(SolutionConfigurationPlatforms) = preSolution
		Debug|Any CPU = Debug|Any CPU
		Release|Any CPU = Release|Any CPU
	EndGlobalSection
	GlobalSection(ProjectConfigurationPlatforms) = postSolution
		{EEBDCD62-8B54-4E30-82DB-5DF4583EE5AF}.Debug|Any CPU.ActiveCfg = Debug|Any CPU
		{EEBDCD62-8B54-4E30-82DB-5DF4583EE5AF}.Debug|Any CPU.Build.0 = Debug|Any CPU
		{EEBDCD62-8B54-4E30-82DB-5DF4583EE5AF}.Release|Any CPU.ActiveCfg = Release|Any CPU
		{EEBDCD62-8B54-4E30-82DB-5DF4583EE5AF}.Release|Any CPU.Build.0 = Release|Any CPU
		{2C842468-CFDB-4095-8411-ACBC06228640}.Debug|Any CPU.ActiveCfg = Debug|Any CPU
		{2C842468-CFDB-4095-8411-ACBC06228640}.Debug|Any CPU.Build.0 = Debug|Any CPU
		{2C842468-CFDB-4095-8411-ACBC06228640}.Release|Any CPU.ActiveCfg = Release|Any CPU
		{2C842468-CFDB-4095-8411-ACBC06228640}.Release|Any CPU.Build.0 = Release|Any CPU
	EndGlobalSection
	GlobalSection(SolutionProperties) = preSolution
		HideSolutionNode = FALSE
	EndGlobalSection
	GlobalSection(ExtensibilityGlobals) = postSolution
		SolutionGuid = {95167BF6-8DFD-4107-910A-277D7AEBC01B}
	EndGlobalSection
EndGlobal
